// !$*UTF8*$!
{
	archiveVersion = 1;
	classes = {
	};
	objectVersion = 54;
	objects = {

/* Begin PBXBuildFile section */
		0C80B921A6F3F58F76C31292 /* libPods-TripMateApp.a in Frameworks */ = {isa = PBXBuildFile; fileRef = 5DCACB8F33CDC322A6C60F78 /* libPods-TripMateApp.a */; };
		13B07FBF1A68108700A75B9A /* Images.xcassets in Resources */ = {isa = PBXBuildFile; fileRef = 13B07FB51A68108700A75B9A /* Images.xcassets */; };
		761780ED2CA45674006654EE /* AppDelegate.swift in Sources */ = {isa = PBXBuildFile; fileRef = 761780EC2CA45674006654EE /* AppDelegate.swift */; };
		81AB9BB82411601600AC10FF /* LaunchScreen.storyboard in Resources */ = {isa = PBXBuildFile; fileRef = 81AB9BB72411601600AC10FF /* LaunchScreen.storyboard */; };
		FFAB9F516FE74272B1C1CE59 /* Karma-Bold.ttf in Resources */ = {isa = PBXBuildFile; fileRef = AFA0B035E251430A84202820 /* Karma-Bold.ttf */; };
		A8FB5C078F7E4A4D847C148D /* Karma-Light.ttf in Resources */ = {isa = PBXBuildFile; fileRef = 6F3F90BE09EE459C864D5B06 /* Karma-Light.ttf */; };
		7B2F138699B24DB6B6E31C9C /* Karma-Medium.ttf in Resources */ = {isa = PBXBuildFile; fileRef = EF9E336CAB4F49038297A11D /* Karma-Medium.ttf */; };
		8C6EFA00CD234C889F7A67EF /* Karma-Regular.ttf in Resources */ = {isa = PBXBuildFile; fileRef = 7295879B68DA4C07B4F10ABA /* Karma-Regular.ttf */; };
		83867072298046CC8ACD0704 /* Karma-SemiBold.ttf in Resources */ = {isa = PBXBuildFile; fileRef = 8BF0F7CA26444C988F810E0A /* Karma-SemiBold.ttf */; };
		5D3AAFA380DC49A5BDE8E3D8 /* Labrada-Black.ttf in Resources */ = {isa = PBXBuildFile; fileRef = BCCA572716304C1E917E2EBB /* Labrada-Black.ttf */; };
		AED0541F0D7D4ED49A0B6E25 /* Labrada-BlackItalic.ttf in Resources */ = {isa = PBXBuildFile; fileRef = 50CA2A332E5046CBB7512F34 /* Labrada-BlackItalic.ttf */; };
		3B4FC2A64A364DEE80A23583 /* Labrada-Bold.ttf in Resources */ = {isa = PBXBuildFile; fileRef = BA9F3DAA07FF4A00B6F2299E /* Labrada-Bold.ttf */; };
		9A4AEC9AF213433F9942D188 /* Labrada-BoldItalic.ttf in Resources */ = {isa = PBXBuildFile; fileRef = EA4296C9D5EC4E24A2C1E7F7 /* Labrada-BoldItalic.ttf */; };
		E3EB3CEC3ECE4660B01DC68A /* Labrada-ExtraBold.ttf in Resources */ = {isa = PBXBuildFile; fileRef = 81E6774046F94D019FCECC3D /* Labrada-ExtraBold.ttf */; };
		5E57BD6BD5374D538360B996 /* Labrada-ExtraBoldItalic.ttf in Resources */ = {isa = PBXBuildFile; fileRef = F57CFA4D763B469495719957 /* Labrada-ExtraBoldItalic.ttf */; };
		24BABB30279241ECBD3A2909 /* Labrada-ExtraLight.ttf in Resources */ = {isa = PBXBuildFile; fileRef = DEA0CB32B8424EB0AB96D609 /* Labrada-ExtraLight.ttf */; };
		5973B8D423CA4A4D8FAF9FCA /* Labrada-ExtraLightItalic.ttf in Resources */ = {isa = PBXBuildFile; fileRef = 582225FCAB674A5BB2EA6792 /* Labrada-ExtraLightItalic.ttf */; };
		3A1437C981F24497A3DF1399 /* Labrada-Italic-VariableFont_wght.ttf in Resources */ = {isa = PBXBuildFile; fileRef = FFDDD8AC84B645989AFF1A8B /* Labrada-Italic-VariableFont_wght.ttf */; };
		1F3E2D7111B446E08FE6E10E /* Labrada-Italic.ttf in Resources */ = {isa = PBXBuildFile; fileRef = E17939CF252B4ED79B3838F6 /* Labrada-Italic.ttf */; };
		F5656BC004F2484A926CDB79 /* Labrada-Light.ttf in Resources */ = {isa = PBXBuildFile; fileRef = 9AB4CFA09D644717974559DC /* Labrada-Light.ttf */; };
		489A8F7458134A96AB6816CE /* Labrada-LightItalic.ttf in Resources */ = {isa = PBXBuildFile; fileRef = 8BCF18594E814A69905B79B1 /* Labrada-LightItalic.ttf */; };
		4E716BE7A4B244E698764A6A /* Labrada-Medium.ttf in Resources */ = {isa = PBXBuildFile; fileRef = EBE923EBCD1441E7AADAEBC4 /* Labrada-Medium.ttf */; };
		543F65F43304487C8C0F8080 /* Labrada-MediumItalic.ttf in Resources */ = {isa = PBXBuildFile; fileRef = 117CC8B35A6A40DF882F0668 /* Labrada-MediumItalic.ttf */; };
		D6B898C28B0D4834BF0644E6 /* Labrada-Regular.ttf in Resources */ = {isa = PBXBuildFile; fileRef = 30F68B56AC4A4BC7923E0742 /* Labrada-Regular.ttf */; };
		CD732A7811D045A8B4FCE93B /* Labrada-SemiBold.ttf in Resources */ = {isa = PBXBuildFile; fileRef = 257D8CD31F1A406D8526A526 /* Labrada-SemiBold.ttf */; };
		851721F9F3464AC1AF0A8590 /* Labrada-SemiBoldItalic.ttf in Resources */ = {isa = PBXBuildFile; fileRef = B244F03998D64CDA8F3F2020 /* Labrada-SemiBoldItalic.ttf */; };
		EB6732D6B8374CA6A0BE113B /* Labrada-Thin.ttf in Resources */ = {isa = PBXBuildFile; fileRef = DE011A8951FC400DB952E2CD /* Labrada-Thin.ttf */; };
		F197A5E1F3F84527998A4B53 /* Labrada-ThinItalic.ttf in Resources */ = {isa = PBXBuildFile; fileRef = E808171404A3448299BD2C91 /* Labrada-ThinItalic.ttf */; };
		49E2C2A75273420097578151 /* Labrada-VariableFont_wght.ttf in Resources */ = {isa = PBXBuildFile; fileRef = 263EC480DE8A4EF5AEBF20C3 /* Labrada-VariableFont_wght.ttf */; };
		754BDC177F6D47068D2A006C /* OFL.txt in Resources */ = {isa = PBXBuildFile; fileRef = 4A21AE98F1514C7CBE65123F /* OFL.txt */; };
		D335D3EC44054DB08B38CE32 /* OFL.txt in Resources */ = {isa = PBXBuildFile; fileRef = 7A3F6AB47C9D4E2A8AADA626 /* OFL.txt */; };
		AB1639594666445EBAB0071F /* README.txt in Resources */ = {isa = PBXBuildFile; fileRef = AEB27787A52C46E3BB54B65F /* README.txt */; };
/* End PBXBuildFile section */

/* Begin PBXFileReference section */
		13B07F961A680F5B00A75B9A /* TripMateApp.app */ = {isa = PBXFileReference; explicitFileType = wrapper.application; includeInIndex = 0; path = TripMateApp.app; sourceTree = BUILT_PRODUCTS_DIR; };
		13B07FB51A68108700A75B9A /* Images.xcassets */ = {isa = PBXFileReference; lastKnownFileType = folder.assetcatalog; name = Images.xcassets; path = TripMateApp/Images.xcassets; sourceTree = "<group>"; };
		13B07FB61A68108700A75B9A /* Info.plist */ = {isa = PBXFileReference; fileEncoding = 4; lastKnownFileType = text.plist.xml; name = Info.plist; path = TripMateApp/Info.plist; sourceTree = "<group>"; };
		13B07FB81A68108700A75B9A /* PrivacyInfo.xcprivacy */ = {isa = PBXFileReference; fileEncoding = 4; lastKnownFileType = text.plist.xml; name = PrivacyInfo.xcprivacy; path = TripMateApp/PrivacyInfo.xcprivacy; sourceTree = "<group>"; };
		3B4392A12AC88292D35C810B /* Pods-TripMateApp.debug.xcconfig */ = {isa = PBXFileReference; includeInIndex = 1; lastKnownFileType = text.xcconfig; name = "Pods-TripMateApp.debug.xcconfig"; path = "Target Support Files/Pods-TripMateApp/Pods-TripMateApp.debug.xcconfig"; sourceTree = "<group>"; };
		5709B34CF0A7D63546082F79 /* Pods-TripMateApp.release.xcconfig */ = {isa = PBXFileReference; includeInIndex = 1; lastKnownFileType = text.xcconfig; name = "Pods-TripMateApp.release.xcconfig"; path = "Target Support Files/Pods-TripMateApp/Pods-TripMateApp.release.xcconfig"; sourceTree = "<group>"; };
		5DCACB8F33CDC322A6C60F78 /* libPods-TripMateApp.a */ = {isa = PBXFileReference; explicitFileType = archive.ar; includeInIndex = 0; path = "libPods-TripMateApp.a"; sourceTree = BUILT_PRODUCTS_DIR; };
		761780EC2CA45674006654EE /* AppDelegate.swift */ = {isa = PBXFileReference; lastKnownFileType = sourcecode.swift; name = AppDelegate.swift; path = TripMateApp/AppDelegate.swift; sourceTree = "<group>"; };
		81AB9BB72411601600AC10FF /* LaunchScreen.storyboard */ = {isa = PBXFileReference; fileEncoding = 4; lastKnownFileType = file.storyboard; name = LaunchScreen.storyboard; path = TripMateApp/LaunchScreen.storyboard; sourceTree = "<group>"; };
		ED297162215061F000B7C4FE /* JavaScriptCore.framework */ = {isa = PBXFileReference; lastKnownFileType = wrapper.framework; name = JavaScriptCore.framework; path = System/Library/Frameworks/JavaScriptCore.framework; sourceTree = SDKROOT; };
		AFA0B035E251430A84202820 /* Karma-Bold.ttf */ = {isa = PBXFileReference; name = "Karma-Bold.ttf"; path = "../src/assets/fonts/Karma/Karma-Bold.ttf"; sourceTree = "<group>"; fileEncoding = undefined; lastKnownFileType = unknown; explicitFileType = undefined; includeInIndex = 0; };
		6F3F90BE09EE459C864D5B06 /* Karma-Light.ttf */ = {isa = PBXFileReference; name = "Karma-Light.ttf"; path = "../src/assets/fonts/Karma/Karma-Light.ttf"; sourceTree = "<group>"; fileEncoding = undefined; lastKnownFileType = unknown; explicitFileType = undefined; includeInIndex = 0; };
		EF9E336CAB4F49038297A11D /* Karma-Medium.ttf */ = {isa = PBXFileReference; name = "Karma-Medium.ttf"; path = "../src/assets/fonts/Karma/Karma-Medium.ttf"; sourceTree = "<group>"; fileEncoding = undefined; lastKnownFileType = unknown; explicitFileType = undefined; includeInIndex = 0; };
		7295879B68DA4C07B4F10ABA /* Karma-Regular.ttf */ = {isa = PBXFileReference; name = "Karma-Regular.ttf"; path = "../src/assets/fonts/Karma/Karma-Regular.ttf"; sourceTree = "<group>"; fileEncoding = undefined; lastKnownFileType = unknown; explicitFileType = undefined; includeInIndex = 0; };
		8BF0F7CA26444C988F810E0A /* Karma-SemiBold.ttf */ = {isa = PBXFileReference; name = "Karma-SemiBold.ttf"; path = "../src/assets/fonts/Karma/Karma-SemiBold.ttf"; sourceTree = "<group>"; fileEncoding = undefined; lastKnownFileType = unknown; explicitFileType = undefined; includeInIndex = 0; };
		BCCA572716304C1E917E2EBB /* Labrada-Black.ttf */ = {isa = PBXFileReference; name = "Labrada-Black.ttf"; path = "../src/assets/fonts/Labrada/Labrada-Black.ttf"; sourceTree = "<group>"; fileEncoding = undefined; lastKnownFileType = unknown; explicitFileType = undefined; includeInIndex = 0; };
		50CA2A332E5046CBB7512F34 /* Labrada-BlackItalic.ttf */ = {isa = PBXFileReference; name = "Labrada-BlackItalic.ttf"; path = "../src/assets/fonts/Labrada/Labrada-BlackItalic.ttf"; sourceTree = "<group>"; fileEncoding = undefined; lastKnownFileType = unknown; explicitFileType = undefined; includeInIndex = 0; };
		BA9F3DAA07FF4A00B6F2299E /* Labrada-Bold.ttf */ = {isa = PBXFileReference; name = "Labrada-Bold.ttf"; path = "../src/assets/fonts/Labrada/Labrada-Bold.ttf"; sourceTree = "<group>"; fileEncoding = undefined; lastKnownFileType = unknown; explicitFileType = undefined; includeInIndex = 0; };
		EA4296C9D5EC4E24A2C1E7F7 /* Labrada-BoldItalic.ttf */ = {isa = PBXFileReference; name = "Labrada-BoldItalic.ttf"; path = "../src/assets/fonts/Labrada/Labrada-BoldItalic.ttf"; sourceTree = "<group>"; fileEncoding = undefined; lastKnownFileType = unknown; explicitFileType = undefined; includeInIndex = 0; };
		81E6774046F94D019FCECC3D /* Labrada-ExtraBold.ttf */ = {isa = PBXFileReference; name = "Labrada-ExtraBold.ttf"; path = "../src/assets/fonts/Labrada/Labrada-ExtraBold.ttf"; sourceTree = "<group>"; fileEncoding = undefined; lastKnownFileType = unknown; explicitFileType = undefined; includeInIndex = 0; };
		F57CFA4D763B469495719957 /* Labrada-ExtraBoldItalic.ttf */ = {isa = PBXFileReference; name = "Labrada-ExtraBoldItalic.ttf"; path = "../src/assets/fonts/Labrada/Labrada-ExtraBoldItalic.ttf"; sourceTree = "<group>"; fileEncoding = undefined; lastKnownFileType = unknown; explicitFileType = undefined; includeInIndex = 0; };
		DEA0CB32B8424EB0AB96D609 /* Labrada-ExtraLight.ttf */ = {isa = PBXFileReference; name = "Labrada-ExtraLight.ttf"; path = "../src/assets/fonts/Labrada/Labrada-ExtraLight.ttf"; sourceTree = "<group>"; fileEncoding = undefined; lastKnownFileType = unknown; explicitFileType = undefined; includeInIndex = 0; };
		582225FCAB674A5BB2EA6792 /* Labrada-ExtraLightItalic.ttf */ = {isa = PBXFileReference; name = "Labrada-ExtraLightItalic.ttf"; path = "../src/assets/fonts/Labrada/Labrada-ExtraLightItalic.ttf"; sourceTree = "<group>"; fileEncoding = undefined; lastKnownFileType = unknown; explicitFileType = undefined; includeInIndex = 0; };
		FFDDD8AC84B645989AFF1A8B /* Labrada-Italic-VariableFont_wght.ttf */ = {isa = PBXFileReference; name = "Labrada-Italic-VariableFont_wght.ttf"; path = "../src/assets/fonts/Labrada/Labrada-Italic-VariableFont_wght.ttf"; sourceTree = "<group>"; fileEncoding = undefined; lastKnownFileType = unknown; explicitFileType = undefined; includeInIndex = 0; };
		E17939CF252B4ED79B3838F6 /* Labrada-Italic.ttf */ = {isa = PBXFileReference; name = "Labrada-Italic.ttf"; path = "../src/assets/fonts/Labrada/Labrada-Italic.ttf"; sourceTree = "<group>"; fileEncoding = undefined; lastKnownFileType = unknown; explicitFileType = undefined; includeInIndex = 0; };
		9AB4CFA09D644717974559DC /* Labrada-Light.ttf */ = {isa = PBXFileReference; name = "Labrada-Light.ttf"; path = "../src/assets/fonts/Labrada/Labrada-Light.ttf"; sourceTree = "<group>"; fileEncoding = undefined; lastKnownFileType = unknown; explicitFileType = undefined; includeInIndex = 0; };
		8BCF18594E814A69905B79B1 /* Labrada-LightItalic.ttf */ = {isa = PBXFileReference; name = "Labrada-LightItalic.ttf"; path = "../src/assets/fonts/Labrada/Labrada-LightItalic.ttf"; sourceTree = "<group>"; fileEncoding = undefined; lastKnownFileType = unknown; explicitFileType = undefined; includeInIndex = 0; };
		EBE923EBCD1441E7AADAEBC4 /* Labrada-Medium.ttf */ = {isa = PBXFileReference; name = "Labrada-Medium.ttf"; path = "../src/assets/fonts/Labrada/Labrada-Medium.ttf"; sourceTree = "<group>"; fileEncoding = undefined; lastKnownFileType = unknown; explicitFileType = undefined; includeInIndex = 0; };
		117CC8B35A6A40DF882F0668 /* Labrada-MediumItalic.ttf */ = {isa = PBXFileReference; name = "Labrada-MediumItalic.ttf"; path = "../src/assets/fonts/Labrada/Labrada-MediumItalic.ttf"; sourceTree = "<group>"; fileEncoding = undefined; lastKnownFileType = unknown; explicitFileType = undefined; includeInIndex = 0; };
		30F68B56AC4A4BC7923E0742 /* Labrada-Regular.ttf */ = {isa = PBXFileReference; name = "Labrada-Regular.ttf"; path = "../src/assets/fonts/Labrada/Labrada-Regular.ttf"; sourceTree = "<group>"; fileEncoding = undefined; lastKnownFileType = unknown; explicitFileType = undefined; includeInIndex = 0; };
		257D8CD31F1A406D8526A526 /* Labrada-SemiBold.ttf */ = {isa = PBXFileReference; name = "Labrada-SemiBold.ttf"; path = "../src/assets/fonts/Labrada/Labrada-SemiBold.ttf"; sourceTree = "<group>"; fileEncoding = undefined; lastKnownFileType = unknown; explicitFileType = undefined; includeInIndex = 0; };
		B244F03998D64CDA8F3F2020 /* Labrada-SemiBoldItalic.ttf */ = {isa = PBXFileReference; name = "Labrada-SemiBoldItalic.ttf"; path = "../src/assets/fonts/Labrada/Labrada-SemiBoldItalic.ttf"; sourceTree = "<group>"; fileEncoding = undefined; lastKnownFileType = unknown; explicitFileType = undefined; includeInIndex = 0; };
		DE011A8951FC400DB952E2CD /* Labrada-Thin.ttf */ = {isa = PBXFileReference; name = "Labrada-Thin.ttf"; path = "../src/assets/fonts/Labrada/Labrada-Thin.ttf"; sourceTree = "<group>"; fileEncoding = undefined; lastKnownFileType = unknown; explicitFileType = undefined; includeInIndex = 0; };
		E808171404A3448299BD2C91 /* Labrada-ThinItalic.ttf */ = {isa = PBXFileReference; name = "Labrada-ThinItalic.ttf"; path = "../src/assets/fonts/Labrada/Labrada-ThinItalic.ttf"; sourceTree = "<group>"; fileEncoding = undefined; lastKnownFileType = unknown; explicitFileType = undefined; includeInIndex = 0; };
		263EC480DE8A4EF5AEBF20C3 /* Labrada-VariableFont_wght.ttf */ = {isa = PBXFileReference; name = "Labrada-VariableFont_wght.ttf"; path = "../src/assets/fonts/Labrada/Labrada-VariableFont_wght.ttf"; sourceTree = "<group>"; fileEncoding = undefined; lastKnownFileType = unknown; explicitFileType = undefined; includeInIndex = 0; };
		4A21AE98F1514C7CBE65123F /* OFL.txt */ = {isa = PBXFileReference; name = "OFL.txt"; path = "../src/assets/fonts/Karma/OFL.txt"; sourceTree = "<group>"; fileEncoding = undefined; lastKnownFileType = unknown; explicitFileType = undefined; includeInIndex = 0; };
		7A3F6AB47C9D4E2A8AADA626 /* OFL.txt */ = {isa = PBXFileReference; name = "OFL.txt"; path = "../src/assets/fonts/Labrada/OFL.txt"; sourceTree = "<group>"; fileEncoding = undefined; lastKnownFileType = unknown; explicitFileType = undefined; includeInIndex = 0; };
		AEB27787A52C46E3BB54B65F /* README.txt */ = {isa = PBXFileReference; name = "README.txt"; path = "../src/assets/fonts/Labrada/README.txt"; sourceTree = "<group>"; fileEncoding = undefined; lastKnownFileType = unknown; explicitFileType = undefined; includeInIndex = 0; };
/* End PBXFileReference section */

/* Begin PBXFrameworksBuildPhase section */
		13B07F8C1A680F5B00A75B9A /* Frameworks */ = {
			isa = PBXFrameworksBuildPhase;
			buildActionMask = 2147483647;
			files = (
				0C80B921A6F3F58F76C31292 /* libPods-TripMateApp.a in Frameworks */,
			);
			runOnlyForDeploymentPostprocessing = 0;
		};
/* End PBXFrameworksBuildPhase section */

/* Begin PBXGroup section */
		13B07FAE1A68108700A75B9A /* TripMateApp */ = {
			isa = PBXGroup;
			children = (
				13B07FB51A68108700A75B9A /* Images.xcassets */,
				761780EC2CA45674006654EE /* AppDelegate.swift */,
				13B07FB61A68108700A75B9A /* Info.plist */,
				81AB9BB72411601600AC10FF /* LaunchScreen.storyboard */,
				13B07FB81A68108700A75B9A /* PrivacyInfo.xcprivacy */,
			);
			name = TripMateApp;
			sourceTree = "<group>";
		};
		2D16E6871FA4F8E400B85C8A /* Frameworks */ = {
			isa = PBXGroup;
			children = (
				ED297162215061F000B7C4FE /* JavaScriptCore.framework */,
				5DCACB8F33CDC322A6C60F78 /* libPods-TripMateApp.a */,
			);
			name = Frameworks;
			sourceTree = "<group>";
		};
		832341AE1AAA6A7D00B99B32 /* Libraries */ = {
			isa = PBXGroup;
			children = (
			);
			name = Libraries;
			sourceTree = "<group>";
		};
		83CBB9F61A601CBA00E9B192 = {
			isa = PBXGroup;
			children = (
				13B07FAE1A68108700A75B9A /* TripMateApp */,
				832341AE1AAA6A7D00B99B32 /* Libraries */,
				83CBBA001A601CBA00E9B192 /* Products */,
				2D16E6871FA4F8E400B85C8A /* Frameworks */,
				BBD78D7AC51CEA395F1C20DB /* Pods */,
				5E729A47496D4CC096A582B5 /* Resources */,
			);
			indentWidth = 2;
			sourceTree = "<group>";
			tabWidth = 2;
			usesTabs = 0;
		};
		83CBBA001A601CBA00E9B192 /* Products */ = {
			isa = PBXGroup;
			children = (
				13B07F961A680F5B00A75B9A /* TripMateApp.app */,
			);
			name = Products;
			sourceTree = "<group>";
		};
		BBD78D7AC51CEA395F1C20DB /* Pods */ = {
			isa = PBXGroup;
			children = (
				3B4392A12AC88292D35C810B /* Pods-TripMateApp.debug.xcconfig */,
				5709B34CF0A7D63546082F79 /* Pods-TripMateApp.release.xcconfig */,
			);
			path = Pods;
			sourceTree = "<group>";
		};
		5E729A47496D4CC096A582B5 /* Resources */ = {
			isa = "PBXGroup";
			children = (
				AFA0B035E251430A84202820 /* Karma-Bold.ttf */,
				6F3F90BE09EE459C864D5B06 /* Karma-Light.ttf */,
				EF9E336CAB4F49038297A11D /* Karma-Medium.ttf */,
				7295879B68DA4C07B4F10ABA /* Karma-Regular.ttf */,
				8BF0F7CA26444C988F810E0A /* Karma-SemiBold.ttf */,
				BCCA572716304C1E917E2EBB /* Labrada-Black.ttf */,
				50CA2A332E5046CBB7512F34 /* Labrada-BlackItalic.ttf */,
				BA9F3DAA07FF4A00B6F2299E /* Labrada-Bold.ttf */,
				EA4296C9D5EC4E24A2C1E7F7 /* Labrada-BoldItalic.ttf */,
				81E6774046F94D019FCECC3D /* Labrada-ExtraBold.ttf */,
				F57CFA4D763B469495719957 /* Labrada-ExtraBoldItalic.ttf */,
				DEA0CB32B8424EB0AB96D609 /* Labrada-ExtraLight.ttf */,
				582225FCAB674A5BB2EA6792 /* Labrada-ExtraLightItalic.ttf */,
				FFDDD8AC84B645989AFF1A8B /* Labrada-Italic-VariableFont_wght.ttf */,
				E17939CF252B4ED79B3838F6 /* Labrada-Italic.ttf */,
				9AB4CFA09D644717974559DC /* Labrada-Light.ttf */,
				8BCF18594E814A69905B79B1 /* Labrada-LightItalic.ttf */,
				EBE923EBCD1441E7AADAEBC4 /* Labrada-Medium.ttf */,
				117CC8B35A6A40DF882F0668 /* Labrada-MediumItalic.ttf */,
				30F68B56AC4A4BC7923E0742 /* Labrada-Regular.ttf */,
				257D8CD31F1A406D8526A526 /* Labrada-SemiBold.ttf */,
				B244F03998D64CDA8F3F2020 /* Labrada-SemiBoldItalic.ttf */,
				DE011A8951FC400DB952E2CD /* Labrada-Thin.ttf */,
				E808171404A3448299BD2C91 /* Labrada-ThinItalic.ttf */,
				263EC480DE8A4EF5AEBF20C3 /* Labrada-VariableFont_wght.ttf */,
				4A21AE98F1514C7CBE65123F /* OFL.txt */,
				7A3F6AB47C9D4E2A8AADA626 /* OFL.txt */,
				AEB27787A52C46E3BB54B65F /* README.txt */,
			);
			name = Resources;
			sourceTree = "<group>";
			path = "";
		};
/* End PBXGroup section */

/* Begin PBXNativeTarget section */
		13B07F861A680F5B00A75B9A /* TripMateApp */ = {
			isa = PBXNativeTarget;
			buildConfigurationList = 13B07F931A680F5B00A75B9A /* Build configuration list for PBXNativeTarget "TripMateApp" */;
			buildPhases = (
				C38B50BA6285516D6DCD4F65 /* [CP] Check Pods Manifest.lock */,
				13B07F871A680F5B00A75B9A /* Sources */,
				13B07F8C1A680F5B00A75B9A /* Frameworks */,
				13B07F8E1A680F5B00A75B9A /* Resources */,
				00DD1BFF1BD5951E006B06BC /* Bundle React Native code and images */,
				00EEFC60759A1932668264C0 /* [CP] Embed Pods Frameworks */,
				E235C05ADACE081382539298 /* [CP] Copy Pods Resources */,
			);
			buildRules = (
			);
			dependencies = (
			);
			name = TripMateApp;
			productName = TripMateApp;
			productReference = 13B07F961A680F5B00A75B9A /* TripMateApp.app */;
			productType = "com.apple.product-type.application";
		};
/* End PBXNativeTarget section */

/* Begin PBXProject section */
		83CBB9F71A601CBA00E9B192 /* Project object */ = {
			isa = PBXProject;
			attributes = {
				LastUpgradeCheck = 1210;
				TargetAttributes = {
					13B07F861A680F5B00A75B9A = {
						LastSwiftMigration = 1120;
					};
				};
			};
			buildConfigurationList = 83CBB9FA1A601CBA00E9B192 /* Build configuration list for PBXProject "TripMateApp" */;
			compatibilityVersion = "Xcode 12.0";
			developmentRegion = en;
			hasScannedForEncodings = 0;
			knownRegions = (
				en,
				Base,
			);
			mainGroup = 83CBB9F61A601CBA00E9B192;
			productRefGroup = 83CBBA001A601CBA00E9B192 /* Products */;
			projectDirPath = "";
			projectRoot = "";
			targets = (
				13B07F861A680F5B00A75B9A /* TripMateApp */,
			);
		};
/* End PBXProject section */

/* Begin PBXResourcesBuildPhase section */
		13B07F8E1A680F5B00A75B9A /* Resources */ = {
			isa = PBXResourcesBuildPhase;
			buildActionMask = 2147483647;
			files = (
				81AB9BB82411601600AC10FF /* LaunchScreen.storyboard in Resources */,
				13B07FBF1A68108700A75B9A /* Images.xcassets in Resources */,
				FFAB9F516FE74272B1C1CE59 /* Karma-Bold.ttf in Resources */,
				A8FB5C078F7E4A4D847C148D /* Karma-Light.ttf in Resources */,
				7B2F138699B24DB6B6E31C9C /* Karma-Medium.ttf in Resources */,
				8C6EFA00CD234C889F7A67EF /* Karma-Regular.ttf in Resources */,
				83867072298046CC8ACD0704 /* Karma-SemiBold.ttf in Resources */,
				5D3AAFA380DC49A5BDE8E3D8 /* Labrada-Black.ttf in Resources */,
				AED0541F0D7D4ED49A0B6E25 /* Labrada-BlackItalic.ttf in Resources */,
				3B4FC2A64A364DEE80A23583 /* Labrada-Bold.ttf in Resources */,
				9A4AEC9AF213433F9942D188 /* Labrada-BoldItalic.ttf in Resources */,
				E3EB3CEC3ECE4660B01DC68A /* Labrada-ExtraBold.ttf in Resources */,
				5E57BD6BD5374D538360B996 /* Labrada-ExtraBoldItalic.ttf in Resources */,
				24BABB30279241ECBD3A2909 /* Labrada-ExtraLight.ttf in Resources */,
				5973B8D423CA4A4D8FAF9FCA /* Labrada-ExtraLightItalic.ttf in Resources */,
				3A1437C981F24497A3DF1399 /* Labrada-Italic-VariableFont_wght.ttf in Resources */,
				1F3E2D7111B446E08FE6E10E /* Labrada-Italic.ttf in Resources */,
				F5656BC004F2484A926CDB79 /* Labrada-Light.ttf in Resources */,
				489A8F7458134A96AB6816CE /* Labrada-LightItalic.ttf in Resources */,
				4E716BE7A4B244E698764A6A /* Labrada-Medium.ttf in Resources */,
				543F65F43304487C8C0F8080 /* Labrada-MediumItalic.ttf in Resources */,
				D6B898C28B0D4834BF0644E6 /* Labrada-Regular.ttf in Resources */,
				CD732A7811D045A8B4FCE93B /* Labrada-SemiBold.ttf in Resources */,
				851721F9F3464AC1AF0A8590 /* Labrada-SemiBoldItalic.ttf in Resources */,
				EB6732D6B8374CA6A0BE113B /* Labrada-Thin.ttf in Resources */,
				F197A5E1F3F84527998A4B53 /* Labrada-ThinItalic.ttf in Resources */,
				49E2C2A75273420097578151 /* Labrada-VariableFont_wght.ttf in Resources */,
				754BDC177F6D47068D2A006C /* OFL.txt in Resources */,
				D335D3EC44054DB08B38CE32 /* OFL.txt in Resources */,
				AB1639594666445EBAB0071F /* README.txt in Resources */,
			);
			runOnlyForDeploymentPostprocessing = 0;
		};
/* End PBXResourcesBuildPhase section */

/* Begin PBXShellScriptBuildPhase section */
		00DD1BFF1BD5951E006B06BC /* Bundle React Native code and images */ = {
			isa = PBXShellScriptBuildPhase;
			buildActionMask = 2147483647;
			files = (
			);
			inputPaths = (
				"$(SRCROOT)/.xcode.env.local",
				"$(SRCROOT)/.xcode.env",
			);
			name = "Bundle React Native code and images";
			outputPaths = (
			);
			runOnlyForDeploymentPostprocessing = 0;
			shellPath = /bin/sh;
			shellScript = "set -e\n\nWITH_ENVIRONMENT=\"$REACT_NATIVE_PATH/scripts/xcode/with-environment.sh\"\nREACT_NATIVE_XCODE=\"$REACT_NATIVE_PATH/scripts/react-native-xcode.sh\"\n\n/bin/sh -c \"$WITH_ENVIRONMENT $REACT_NATIVE_XCODE\"\n";
		};
		00EEFC60759A1932668264C0 /* [CP] Embed Pods Frameworks */ = {
			isa = PBXShellScriptBuildPhase;
			buildActionMask = 2147483647;
			files = (
			);
			inputFileListPaths = (
				"${PODS_ROOT}/Target Support Files/Pods-TripMateApp/Pods-TripMateApp-frameworks-${CONFIGURATION}-input-files.xcfilelist",
			);
			name = "[CP] Embed Pods Frameworks";
			outputFileListPaths = (
				"${PODS_ROOT}/Target Support Files/Pods-TripMateApp/Pods-TripMateApp-frameworks-${CONFIGURATION}-output-files.xcfilelist",
			);
			runOnlyForDeploymentPostprocessing = 0;
			shellPath = /bin/sh;
			shellScript = "\"${PODS_ROOT}/Target Support Files/Pods-TripMateApp/Pods-TripMateApp-frameworks.sh\"\n";
			showEnvVarsInLog = 0;
		};
		C38B50BA6285516D6DCD4F65 /* [CP] Check Pods Manifest.lock */ = {
			isa = PBXShellScriptBuildPhase;
			buildActionMask = 2147483647;
			files = (
			);
			inputFileListPaths = (
			);
			inputPaths = (
				"${PODS_PODFILE_DIR_PATH}/Podfile.lock",
				"${PODS_ROOT}/Manifest.lock",
			);
			name = "[CP] Check Pods Manifest.lock";
			outputFileListPaths = (
			);
			outputPaths = (
				"$(DERIVED_FILE_DIR)/Pods-TripMateApp-checkManifestLockResult.txt",
			);
			runOnlyForDeploymentPostprocessing = 0;
			shellPath = /bin/sh;
			shellScript = "diff \"${PODS_PODFILE_DIR_PATH}/Podfile.lock\" \"${PODS_ROOT}/Manifest.lock\" > /dev/null\nif [ $? != 0 ] ; then\n    # print error to STDERR\n    echo \"error: The sandbox is not in sync with the Podfile.lock. Run 'pod install' or update your CocoaPods installation.\" >&2\n    exit 1\nfi\n# This output is used by Xcode 'outputs' to avoid re-running this script phase.\necho \"SUCCESS\" > \"${SCRIPT_OUTPUT_FILE_0}\"\n";
			showEnvVarsInLog = 0;
		};
		E235C05ADACE081382539298 /* [CP] Copy Pods Resources */ = {
			isa = PBXShellScriptBuildPhase;
			buildActionMask = 2147483647;
			files = (
			);
			inputFileListPaths = (
				"${PODS_ROOT}/Target Support Files/Pods-TripMateApp/Pods-TripMateApp-resources-${CONFIGURATION}-input-files.xcfilelist",
			);
			name = "[CP] Copy Pods Resources";
			outputFileListPaths = (
				"${PODS_ROOT}/Target Support Files/Pods-TripMateApp/Pods-TripMateApp-resources-${CONFIGURATION}-output-files.xcfilelist",
			);
			runOnlyForDeploymentPostprocessing = 0;
			shellPath = /bin/sh;
			shellScript = "\"${PODS_ROOT}/Target Support Files/Pods-TripMateApp/Pods-TripMateApp-resources.sh\"\n";
			showEnvVarsInLog = 0;
		};
/* End PBXShellScriptBuildPhase section */

/* Begin PBXSourcesBuildPhase section */
		13B07F871A680F5B00A75B9A /* Sources */ = {
			isa = PBXSourcesBuildPhase;
			buildActionMask = 2147483647;
			files = (
				761780ED2CA45674006654EE /* AppDelegate.swift in Sources */,
			);
			runOnlyForDeploymentPostprocessing = 0;
		};
/* End PBXSourcesBuildPhase section */

/* Begin XCBuildConfiguration section */
		13B07F941A680F5B00A75B9A /* Debug */ = {
			isa = XCBuildConfiguration;
			baseConfigurationReference = 3B4392A12AC88292D35C810B /* Pods-TripMateApp.debug.xcconfig */;
			buildSettings = {
				ASSETCATALOG_COMPILER_APPICON_NAME = AppIcon;
				CLANG_ENABLE_MODULES = YES;
				CURRENT_PROJECT_VERSION = 1;
				ENABLE_BITCODE = NO;
				INFOPLIST_FILE = TripMateApp/Info.plist;
				IPHONEOS_DEPLOYMENT_TARGET = 15.1;
				LD_RUNPATH_SEARCH_PATHS = (
					"$(inherited)",
					"@executable_path/Frameworks",
				);
				MARKETING_VERSION = 1.0;
				OTHER_LDFLAGS = (
					"$(inherited)",
					"-ObjC",
					"-lc++",
				);
				PRODUCT_BUNDLE_IDENTIFIER = "org.reactjs.native.example.$(PRODUCT_NAME:rfc1034identifier)";
				PRODUCT_NAME = TripMateApp;
				SWIFT_OPTIMIZATION_LEVEL = "-Onone";
				SWIFT_VERSION = 5.0;
				VERSIONING_SYSTEM = "apple-generic";
			};
			name = Debug;
		};
		13B07F951A680F5B00A75B9A /* Release */ = {
			isa = XCBuildConfiguration;
			baseConfigurationReference = 5709B34CF0A7D63546082F79 /* Pods-TripMateApp.release.xcconfig */;
			buildSettings = {
				ASSETCATALOG_COMPILER_APPICON_NAME = AppIcon;
				CLANG_ENABLE_MODULES = YES;
				CURRENT_PROJECT_VERSION = 1;
				INFOPLIST_FILE = TripMateApp/Info.plist;
				IPHONEOS_DEPLOYMENT_TARGET = 15.1;
				LD_RUNPATH_SEARCH_PATHS = (
					"$(inherited)",
					"@executable_path/Frameworks",
				);
				MARKETING_VERSION = 1.0;
				OTHER_LDFLAGS = (
					"$(inherited)",
					"-ObjC",
					"-lc++",
				);
				PRODUCT_BUNDLE_IDENTIFIER = "org.reactjs.native.example.$(PRODUCT_NAME:rfc1034identifier)";
				PRODUCT_NAME = TripMateApp;
				SWIFT_VERSION = 5.0;
				VERSIONING_SYSTEM = "apple-generic";
			};
			name = Release;
		};
		83CBBA201A601CBA00E9B192 /* Debug */ = {
			isa = XCBuildConfiguration;
			buildSettings = {
				ALWAYS_SEARCH_USER_PATHS = NO;
				CLANG_ANALYZER_LOCALIZABILITY_NONLOCALIZED = YES;
				CLANG_CXX_LANGUAGE_STANDARD = "c++20";
				CLANG_CXX_LIBRARY = "libc++";
				CLANG_ENABLE_MODULES = YES;
				CLANG_ENABLE_OBJC_ARC = YES;
				CLANG_WARN_BLOCK_CAPTURE_AUTORELEASING = YES;
				CLANG_WARN_BOOL_CONVERSION = YES;
				CLANG_WARN_COMMA = YES;
				CLANG_WARN_CONSTANT_CONVERSION = YES;
				CLANG_WARN_DEPRECATED_OBJC_IMPLEMENTATIONS = YES;
				CLANG_WARN_DIRECT_OBJC_ISA_USAGE = YES_ERROR;
				CLANG_WARN_EMPTY_BODY = YES;
				CLANG_WARN_ENUM_CONVERSION = YES;
				CLANG_WARN_INFINITE_RECURSION = YES;
				CLANG_WARN_INT_CONVERSION = YES;
				CLANG_WARN_NON_LITERAL_NULL_CONVERSION = YES;
				CLANG_WARN_OBJC_IMPLICIT_RETAIN_SELF = YES;
				CLANG_WARN_OBJC_LITERAL_CONVERSION = YES;
				CLANG_WARN_OBJC_ROOT_CLASS = YES_ERROR;
				CLANG_WARN_QUOTED_INCLUDE_IN_FRAMEWORK_HEADER = YES;
				CLANG_WARN_RANGE_LOOP_ANALYSIS = YES;
				CLANG_WARN_STRICT_PROTOTYPES = YES;
				CLANG_WARN_SUSPICIOUS_MOVE = YES;
				CLANG_WARN_UNREACHABLE_CODE = YES;
				CLANG_WARN__DUPLICATE_METHOD_MATCH = YES;
				"CODE_SIGN_IDENTITY[sdk=iphoneos*]" = "iPhone Developer";
				COPY_PHASE_STRIP = NO;
				ENABLE_STRICT_OBJC_MSGSEND = YES;
				ENABLE_TESTABILITY = YES;
				"EXCLUDED_ARCHS[sdk=iphonesimulator*]" = "";
				GCC_C_LANGUAGE_STANDARD = gnu99;
				GCC_DYNAMIC_NO_PIC = NO;
				GCC_NO_COMMON_BLOCKS = YES;
				GCC_OPTIMIZATION_LEVEL = 0;
				GCC_PREPROCESSOR_DEFINITIONS = (
					"DEBUG=1",
					"$(inherited)",
				);
				GCC_SYMBOLS_PRIVATE_EXTERN = NO;
				GCC_WARN_64_TO_32_BIT_CONVERSION = YES;
				GCC_WARN_ABOUT_RETURN_TYPE = YES_ERROR;
				GCC_WARN_UNDECLARED_SELECTOR = YES;
				GCC_WARN_UNINITIALIZED_AUTOS = YES_AGGRESSIVE;
				GCC_WARN_UNUSED_FUNCTION = YES;
				GCC_WARN_UNUSED_VARIABLE = YES;
				IPHONEOS_DEPLOYMENT_TARGET = 15.1;
				LD_RUNPATH_SEARCH_PATHS = (
					/usr/lib/swift,
					"$(inherited)",
				);
				LIBRARY_SEARCH_PATHS = (
					"\"$(SDKROOT)/usr/lib/swift\"",
					"\"$(TOOLCHAIN_DIR)/usr/lib/swift/$(PLATFORM_NAME)\"",
					"\"$(inherited)\"",
				);
				MTL_ENABLE_DEBUG_INFO = YES;
				ONLY_ACTIVE_ARCH = YES;
				OTHER_CPLUSPLUSFLAGS = (
					"$(OTHER_CFLAGS)",
					"-DFOLLY_NO_CONFIG",
					"-DFOLLY_MOBILE=1",
					"-DFOLLY_USE_LIBCPP=1",
					"-DFOLLY_CFG_NO_COROUTINES=1",
					"-DFOLLY_HAVE_CLOCK_GETTIME=1",
				);
				SDKROOT = iphoneos;
			};
			name = Debug;
		};
		83CBBA211A601CBA00E9B192 /* Release */ = {
			isa = XCBuildConfiguration;
			buildSettings = {
				ALWAYS_SEARCH_USER_PATHS = NO;
				CLANG_ANALYZER_LOCALIZABILITY_NONLOCALIZED = YES;
				CLANG_CXX_LANGUAGE_STANDARD = "c++20";
				CLANG_CXX_LIBRARY = "libc++";
				CLANG_ENABLE_MODULES = YES;
				CLANG_ENABLE_OBJC_ARC = YES;
				CLANG_WARN_BLOCK_CAPTURE_AUTORELEASING = YES;
				CLANG_WARN_BOOL_CONVERSION = YES;
				CLANG_WARN_COMMA = YES;
				CLANG_WARN_CONSTANT_CONVERSION = YES;
				CLANG_WARN_DEPRECATED_OBJC_IMPLEMENTATIONS = YES;
				CLANG_WARN_DIRECT_OBJC_ISA_USAGE = YES_ERROR;
				CLANG_WARN_EMPTY_BODY = YES;
				CLANG_WARN_ENUM_CONVERSION = YES;
				CLANG_WARN_INFINITE_RECURSION = YES;
				CLANG_WARN_INT_CONVERSION = YES;
				CLANG_WARN_NON_LITERAL_NULL_CONVERSION = YES;
				CLANG_WARN_OBJC_IMPLICIT_RETAIN_SELF = YES;
				CLANG_WARN_OBJC_LITERAL_CONVERSION = YES;
				CLANG_WARN_OBJC_ROOT_CLASS = YES_ERROR;
				CLANG_WARN_QUOTED_INCLUDE_IN_FRAMEWORK_HEADER = YES;
				CLANG_WARN_RANGE_LOOP_ANALYSIS = YES;
				CLANG_WARN_STRICT_PROTOTYPES = YES;
				CLANG_WARN_SUSPICIOUS_MOVE = YES;
				CLANG_WARN_UNREACHABLE_CODE = YES;
				CLANG_WARN__DUPLICATE_METHOD_MATCH = YES;
				"CODE_SIGN_IDENTITY[sdk=iphoneos*]" = "iPhone Developer";
				COPY_PHASE_STRIP = YES;
				ENABLE_NS_ASSERTIONS = NO;
				ENABLE_STRICT_OBJC_MSGSEND = YES;
				"EXCLUDED_ARCHS[sdk=iphonesimulator*]" = "";
				GCC_C_LANGUAGE_STANDARD = gnu99;
				GCC_NO_COMMON_BLOCKS = YES;
				GCC_WARN_64_TO_32_BIT_CONVERSION = YES;
				GCC_WARN_ABOUT_RETURN_TYPE = YES_ERROR;
				GCC_WARN_UNDECLARED_SELECTOR = YES;
				GCC_WARN_UNINITIALIZED_AUTOS = YES_AGGRESSIVE;
				GCC_WARN_UNUSED_FUNCTION = YES;
				GCC_WARN_UNUSED_VARIABLE = YES;
				IPHONEOS_DEPLOYMENT_TARGET = 15.1;
				LD_RUNPATH_SEARCH_PATHS = (
					/usr/lib/swift,
					"$(inherited)",
				);
				LIBRARY_SEARCH_PATHS = (
					"\"$(SDKROOT)/usr/lib/swift\"",
					"\"$(TOOLCHAIN_DIR)/usr/lib/swift/$(PLATFORM_NAME)\"",
					"\"$(inherited)\"",
				);
				MTL_ENABLE_DEBUG_INFO = NO;
				OTHER_CPLUSPLUSFLAGS = (
					"$(OTHER_CFLAGS)",
					"-DFOLLY_NO_CONFIG",
					"-DFOLLY_MOBILE=1",
					"-DFOLLY_USE_LIBCPP=1",
					"-DFOLLY_CFG_NO_COROUTINES=1",
					"-DFOLLY_HAVE_CLOCK_GETTIME=1",
				);
				SDKROOT = iphoneos;
				VALIDATE_PRODUCT = YES;
			};
			name = Release;
		};
/* End XCBuildConfiguration section */

/* Begin XCConfigurationList section */
		13B07F931A680F5B00A75B9A /* Build configuration list for PBXNativeTarget "TripMateApp" */ = {
			isa = XCConfigurationList;
			buildConfigurations = (
				13B07F941A680F5B00A75B9A /* Debug */,
				13B07F951A680F5B00A75B9A /* Release */,
			);
			defaultConfigurationIsVisible = 0;
			defaultConfigurationName = Release;
		};
		83CBB9FA1A601CBA00E9B192 /* Build configuration list for PBXProject "TripMateApp" */ = {
			isa = XCConfigurationList;
			buildConfigurations = (
				83CBBA201A601CBA00E9B192 /* Debug */,
				83CBBA211A601CBA00E9B192 /* Release */,
			);
			defaultConfigurationIsVisible = 0;
			defaultConfigurationName = Release;
		};
/* End XCConfigurationList section */
	};
	rootObject = 83CBB9F71A601CBA00E9B192 /* Project object */;
}
